
Microsoft Visual Studio Solution File, Format Version 12.00
# Visual Studio Version 17
VisualStudioVersion = 17.10.34928.147
MinimumVisualStudioVersion = 10.0.40219.1
Project("{FAE04EC0-301F-11D3-BF4B-00C04F79EFBC}") = "Api_medico", "Api_medico\Api_medico.csproj", "{491910AC-26ED-4FA5-B4C5-63527AC3EDA9}"
EndProject
Global
	GlobalSection(SolutionConfigurationPlatforms) = preSolution
		Debug|Any CPU = Debug|Any CPU
		Release|Any CPU = Release|Any CPU
	EndGlobalSection
	GlobalSection(ProjectConfigurationPlatforms) = postSolution
		{491910AC-26ED-4FA5-B4C5-63527AC3EDA9}.Debug|Any CPU.ActiveCfg = Debug|Any CPU
		{491910AC-26ED-4FA5-B4C5-63527AC3EDA9}.Debug|Any CPU.Build.0 = Debug|Any CPU
		{491910AC-26ED-4FA5-B4C5-63527AC3EDA9}.Release|Any CPU.ActiveCfg = Release|Any CPU
		{491910AC-26ED-4FA5-B4C5-63527AC3EDA9}.Release|Any CPU.Build.0 = Release|Any CPU
	EndGlobalSection
	GlobalSection(SolutionProperties) = preSolution
		HideSolutionNode = FALSE
	EndGlobalSection
	GlobalSection(ExtensibilityGlobals) = postSolution
		SolutionGuid = {63700C2D-B163-4AF2-870D-0500AB2CE6E9}
	EndGlobalSection
EndGlobal
